# THIS IS AN AUTOGENERATED FILE. DO NOT EDIT THIS FILE DIRECTLY.
# yarn lockfile v1


nes.css@^2.1.0:
  version "2.1.0"
  resolved "https://registry.yarnpkg.com/nes.css/-/nes.css-2.1.0.tgz#7069f8a9b2fa96a931ec5affadc9bbd3e881466c"
  integrity sha512-wT4SSxjGkbU0adPo4Oo0dkD2UGv6fOe7mCK1O3E3eTD/8tDUpJsccnqaeZ+3PR+nQtU9/j03R+ztMNYGMeysDw==
